Microsoft Visual Studio Solution File, Format Version 12.00
# Visual Studio Version 17
VisualStudioVersion = 17.5.2.0
MinimumVisualStudioVersion = 10.0.40219.1
Project("{FAE04EC0-301F-11D3-BF4B-00C04F79EFBC}") = "Project-B-Airline", "Project-B-Airline.csproj", "{B1CC7B24-0B19-6004-8D9D-FA0AE3BCA3DB}"
EndProject
Project("{2150E333-8FDC-42A3-9474-1A3956D46DE8}") = "tools", "tools", "{07C2787E-EAC7-C090-1BA3-A61EC2A24D84}"
EndProject
Project("{FAE04EC0-301F-11D3-BF4B-00C04F79EFBC}") = "DatabaseCreator", "tools\DatabaseCreator\DatabaseCreator.csproj", "{95E8FA13-4CAD-868A-AD97-7F567C2748DA}"
EndProject
Global
	GlobalSection(SolutionConfigurationPlatforms) = preSolution
		Debug|Any CPU = Debug|Any CPU
		Release|Any CPU = Release|Any CPU
	EndGlobalSection
	GlobalSection(ProjectConfigurationPlatforms) = postSolution
		{B1CC7B24-0B19-6004-8D9D-FA0AE3BCA3DB}.Debug|Any CPU.ActiveCfg = Debug|Any CPU
		{B1CC7B24-0B19-6004-8D9D-FA0AE3BCA3DB}.Debug|Any CPU.Build.0 = Debug|Any CPU
		{B1CC7B24-0B19-6004-8D9D-FA0AE3BCA3DB}.Release|Any CPU.ActiveCfg = Release|Any CPU
		{B1CC7B24-0B19-6004-8D9D-FA0AE3BCA3DB}.Release|Any CPU.Build.0 = Release|Any CPU
		{95E8FA13-4CAD-868A-AD97-7F567C2748DA}.Debug|Any CPU.ActiveCfg = Debug|Any CPU
		{95E8FA13-4CAD-868A-AD97-7F567C2748DA}.Debug|Any CPU.Build.0 = Debug|Any CPU
		{95E8FA13-4CAD-868A-AD97-7F567C2748DA}.Release|Any CPU.ActiveCfg = Release|Any CPU
		{95E8FA13-4CAD-868A-AD97-7F567C2748DA}.Release|Any CPU.Build.0 = Release|Any CPU
	EndGlobalSection
	GlobalSection(SolutionProperties) = preSolution
		HideSolutionNode = FALSE
	EndGlobalSection
	GlobalSection(NestedProjects) = preSolution
		{95E8FA13-4CAD-868A-AD97-7F567C2748DA} = {07C2787E-EAC7-C090-1BA3-A61EC2A24D84}
	EndGlobalSection
	GlobalSection(ExtensibilityGlobals) = postSolution
		SolutionGuid = {88294B02-BC22-4A7A-AFF7-B836044C2DB7}
	EndGlobalSection
EndGlobal
